{
  "nodes": {
    "nixpkgs": {
      "locked": {
        "lastModified": 1780203844,
        "narHash": "sha256-K5sT4jTpGs15ADhviMKNBH38REpPf5Q6mM1+N6cArVE=",
        "owner": "NixOS",
        "repo": "nixpkgs",
        "rev": "b51242d7d43689db2f3be91bd05d5b24fbb469c4",
        "type": "github"
      },
      "original": {
        "owner": "NixOS",
        "ref": "nixos-26.05",
        "repo": "nixpkgs",
        "type": "github"
      }
    },
    "root": {
      "inputs": {
        "unpins-lib": "unpins-lib"
      }
    },
    "unpins-lib": {
      "inputs": {
        "nixpkgs": "nixpkgs"
      },
      "locked": {
        "lastModified": 1780441121,
        "narHash": "sha256-xPbp76he2r+oIYpPOi8GHDE1yC9JfpGlAwdeBoKg6qs=",
        "owner": "unpins",
        "repo": "nix-lib",
        "rev": "8c295a9906298bd5efbafba6711e8637439d2b41",
        "type": "github"
      },
      "original": {
        "owner": "unpins",
        "repo": "nix-lib",
        "type": "github"
      }
    }
  },
  "root": "root",
  "version": 7
}
